// !$*UTF8*$!
{
	archiveVersion = 1;
	classes = {
	};
	objectVersion = 70;
	objects = {

/* Begin PBXContainerItemProxy section */
		DA8C3C612E1E645E00932527 /* PBXContainerItemProxy */ = {
			isa = PBXContainerItemProxy;
			containerPortal = DA8C3C482E1E645C00932527 /* Project object */;
			proxyType = 1;
			remoteGlobalIDString = DA8C3C4F2E1E645C00932527;
			remoteInfo = SecurityFeatures;
		};
		DA8C3C6B2E1E645E00932527 /* PBXContainerItemProxy */ = {
			isa = PBXContainerItemProxy;
			containerPortal = DA8C3C482E1E645C00932527 /* Project object */;
			proxyType = 1;
			remoteGlobalIDString = DA8C3C4F2E1E645C00932527;
			remoteInfo = SecurityFeatures;
		};
/* End PBXContainerItemProxy section */

/* Begin PBXFileReference section */
		DA8C3C502E1E645C00932527 /* SecurityFeatures.app */ = {isa = PBXFileReference; explicitFileType = wrapper.application; includeInIndex = 0; path = SecurityFeatures.app; sourceTree = BUILT_PRODUCTS_DIR; };
		DA8C3C602E1E645E00932527 /* SecurityFeaturesTests.xctest */ = {isa = PBXFileReference; explicitFileType = wrapper.cfbundle; includeInIndex = 0; path = SecurityFeaturesTests.xctest; sourceTree = BUILT_PRODUCTS_DIR; };
		DA8C3C6A2E1E645E00932527 /* SecurityFeaturesUITests.xctest */ = {isa = PBXFileReference; explicitFileType = wrapper.cfbundle; includeInIndex = 0; path = SecurityFeaturesUITests.xctest; sourceTree = BUILT_PRODUCTS_DIR; };
/* End PBXFileReference section */

/* Begin PBXFileSystemSynchronizedRootGroup section */
		DA8C3C522E1E645C00932527 /* SecurityFeatures */ = {isa = PBXFileSystemSynchronizedRootGroup; explicitFileTypes = {}; explicitFolders = (); path = SecurityFeatures; sourceTree = "<group>"; };
		DA8C3C632E1E645E00932527 /* SecurityFeaturesTests */ = {isa = PBXFileSystemSynchronizedRootGroup; explicitFileTypes = {}; explicitFolders = (); path = SecurityFeaturesTests; sourceTree = "<group>"; };
		DA8C3C6D2E1E645E00932527 /* SecurityFeaturesUITests */ = {isa = PBXFileSystemSynchronizedRootGroup; explicitFileTypes = {}; explicitFolders = (); path = SecurityFeaturesUITests; sourceTree = "<group>"; };
/* End PBXFileSystemSynchronizedRootGroup section */

/* Begin PBXFrameworksBuildPhase section */
		DA8C3C4D2E1E645C00932527 /* Frameworks */ = {
			isa = PBXFrameworksBuildPhase;
			buildActionMask = 2147483647;
			files = (
			);
			runOnlyForDeploymentPostprocessing = 0;
		};
		DA8C3C5D2E1E645E00932527 /* Frameworks */ = {
			isa = PBXFrameworksBuildPhase;
			buildActionMask = 2147483647;
			files = (
			);
			runOnlyForDeploymentPostprocessing = 0;
		};
		DA8C3C672E1E645E00932527 /* Frameworks */ = {
			isa = PBXFrameworksBuildPhase;
			buildActionMask = 2147483647;
			files = (
			);
			runOnlyForDeploymentPostprocessing = 0;
		};
/* End PBXFrameworksBuildPhase section */

/* Begin PBXGroup section */
		DA8C3C472E1E645C00932527 = {
			isa = PBXGroup;
			children = (
				DA8C3C522E1E645C00932527 /* SecurityFeatures */,
				DA8C3C632E1E645E00932527 /* SecurityFeaturesTests */,
				DA8C3C6D2E1E645E00932527 /* SecurityFeaturesUITests */,
				DA8C3C512E1E645C00932527 /* Products */,
			);
			sourceTree = "<group>";
		};
		DA8C3C512E1E645C00932527 /* Products */ = {
			isa = PBXGroup;
			children = (
				DA8C3C502E1E645C00932527 /* SecurityFeatures.app */,
				DA8C3C602E1E645E00932527 /* SecurityFeaturesTests.xctest */,
				DA8C3C6A2E1E645E00932527 /* SecurityFeaturesUITests.xctest */,
			);
			name = Products;
			sourceTree = "<group>";
		};
/* End PBXGroup section */

/* Begin PBXNativeTarget section */
		DA8C3C4F2E1E645C00932527 /* SecurityFeatures */ = {
			isa = PBXNativeTarget;
			buildConfigurationList = DA8C3C742E1E645E00932527 /* Build configuration list for PBXNativeTarget "SecurityFeatures" */;
			buildPhases = (
				DA8C3C4C2E1E645C00932527 /* Sources */,
				DA8C3C4D2E1E645C00932527 /* Frameworks */,
				DA8C3C4E2E1E645C00932527 /* Resources */,
			);
			buildRules = (
			);
			dependencies = (
			);
			fileSystemSynchronizedGroups = (
				DA8C3C522E1E645C00932527 /* SecurityFeatures */,
			);
			name = SecurityFeatures;
			packageProductDependencies = (
			);
			productName = SecurityFeatures;
			productReference = DA8C3C502E1E645C00932527 /* SecurityFeatures.app */;
			productType = "com.apple.product-type.application";
		};
		DA8C3C5F2E1E645E00932527 /* SecurityFeaturesTests */ = {
			isa = PBXNativeTarget;
			buildConfigurationList = DA8C3C772E1E645E00932527 /* Build configuration list for PBXNativeTarget "SecurityFeaturesTests" */;
			buildPhases = (
				DA8C3C5C2E1E645E00932527 /* Sources */,
				DA8C3C5D2E1E645E00932527 /* Frameworks */,
				DA8C3C5E2E1E645E00932527 /* Resources */,
			);
			buildRules = (
			);
			dependencies = (
				DA8C3C622E1E645E00932527 /* PBXTargetDependency */,
			);
			fileSystemSynchronizedGroups = (
				DA8C3C632E1E645E00932527 /* SecurityFeaturesTests */,
			);
			name = SecurityFeaturesTests;
			packageProductDependencies = (
			);
			productName = SecurityFeaturesTests;
			productReference = DA8C3C602E1E645E00932527 /* SecurityFeaturesTests.xctest */;
			productType = "com.apple.product-type.bundle.unit-test";
		};
		DA8C3C692E1E645E00932527 /* SecurityFeaturesUITests */ = {
			isa = PBXNativeTarget;
			buildConfigurationList = DA8C3C7A2E1E645E00932527 /* Build configuration list for PBXNativeTarget "SecurityFeaturesUITests" */;
			buildPhases = (
				DA8C3C662E1E645E00932527 /* Sources */,
				DA8C3C672E1E645E00932527 /* Frameworks */,
				DA8C3C682E1E645E00932527 /* Resources */,
			);
			buildRules = (
			);
			dependencies = (
				DA8C3C6C2E1E645E00932527 /* PBXTargetDependency */,
			);
			fileSystemSynchronizedGroups = (
				DA8C3C6D2E1E645E00932527 /* SecurityFeaturesUITests */,
			);
			name = SecurityFeaturesUITests;
			packageProductDependencies = (
			);
			productName = SecurityFeaturesUITests;
			productReference = DA8C3C6A2E1E645E00932527 /* SecurityFeaturesUITests.xctest */;
			productType = "com.apple.product-type.bundle.ui-testing";
		};
/* End PBXNativeTarget section */

/* Begin PBXProject section */
		DA8C3C482E1E645C00932527 /* Project object */ = {
			isa = PBXProject;
			attributes = {
				BuildIndependentTargetsInParallel = 1;
				LastSwiftUpdateCheck = 1610;
				LastUpgradeCheck = 1610;
				TargetAttributes = {
					DA8C3C4F2E1E645C00932527 = {
						CreatedOnToolsVersion = 16.1;
					};
					DA8C3C5F2E1E645E00932527 = {
						CreatedOnToolsVersion = 16.1;
						TestTargetID = DA8C3C4F2E1E645C00932527;
					};
					DA8C3C692E1E645E00932527 = {
						CreatedOnToolsVersion = 16.1;
						TestTargetID = DA8C3C4F2E1E645C00932527;
					};
				};
			};
			buildConfigurationList = DA8C3C4B2E1E645C00932527 /* Build configuration list for PBXProject "SecurityFeatures" */;
			compatibilityVersion = "Xcode 15.0";
			developmentRegion = en;
			hasScannedForEncodings = 0;
			knownRegions = (
				en,
				Base,
			);
			mainGroup = DA8C3C472E1E645C00932527;
			minimizedProjectReferenceProxies = 1;
			productRefGroup = DA8C3C512E1E645C00932527 /* Products */;
			projectDirPath = "";
			projectRoot = "";
			targets = (
				DA8C3C4F2E1E645C00932527 /* SecurityFeatures */,
				DA8C3C5F2E1E645E00932527 /* SecurityFeaturesTests */,
				DA8C3C692E1E645E00932527 /* SecurityFeaturesUITests */,
			);
		};
/* End PBXProject section */

/* Begin PBXResourcesBuildPhase section */
		DA8C3C4E2E1E645C00932527 /* Resources */ = {
			isa = PBXResourcesBuildPhase;
			buildActionMask = 2147483647;
			files = (
			);
			runOnlyForDeploymentPostprocessing = 0;
		};
		DA8C3C5E2E1E645E00932527 /* Resources */ = {
			isa = PBXResourcesBuildPhase;
			buildActionMask = 2147483647;
			files = (
			);
			runOnlyForDeploymentPostprocessing = 0;
		};
		DA8C3C682E1E645E00932527 /* Resources */ = {
			isa = PBXResourcesBuildPhase;
			buildActionMask = 2147483647;
			files = (
			);
			runOnlyForDeploymentPostprocessing = 0;
		};
/* End PBXResourcesBuildPhase section */

/* Begin PBXSourcesBuildPhase section */
		DA8C3C4C2E1E645C00932527 /* Sources */ = {
			isa = PBXSourcesBuildPhase;
			buildActionMask = 2147483647;
			files = (
			);
			runOnlyForDeploymentPostprocessing = 0;
		};
		DA8C3C5C2E1E645E00932527 /* Sources */ = {
			isa = PBXSourcesBuildPhase;
			buildActionMask = 2147483647;
			files = (
			);
			runOnlyForDeploymentPostprocessing = 0;
		};
		DA8C3C662E1E645E00932527 /* Sources */ = {
			isa = PBXSourcesBuildPhase;
			buildActionMask = 2147483647;
			files = (
			);
			runOnlyForDeploymentPostprocessing = 0;
		};
/* End PBXSourcesBuildPhase section */

/* Begin PBXTargetDependency section */
		DA8C3C622E1E645E00932527 /* PBXTargetDependency */ = {
			isa = PBXTargetDependency;
			target = DA8C3C4F2E1E645C00932527 /* SecurityFeatures */;
			targetProxy = DA8C3C612E1E645E00932527 /* PBXContainerItemProxy */;
		};
		DA8C3C6C2E1E645E00932527 /* PBXTargetDependency */ = {
			isa = PBXTargetDependency;
			target = DA8C3C4F2E1E645C00932527 /* SecurityFeatures */;
			targetProxy = DA8C3C6B2E1E645E00932527 /* PBXContainerItemProxy */;
		};
/* End PBXTargetDependency section */

/* Begin XCBuildConfiguration section */
		DA8C3C722E1E645E00932527 /* Debug */ = {
			isa = XCBuildConfiguration;
			buildSettings = {
				ALWAYS_SEARCH_USER_PATHS = NO;
				ASSETCATALOG_COMPILER_GENERATE_SWIFT_ASSET_SYMBOL_EXTENSIONS = YES;
				CLANG_ANALYZER_NONNULL = YES;
				CLANG_ANALYZER_NUMBER_OBJECT_CONVERSION = YES_AGGRESSIVE;
				CLANG_CXX_LANGUAGE_STANDARD = "gnu++20";
				CLANG_ENABLE_MODULES = YES;
				CLANG_ENABLE_OBJC_ARC = YES;
				CLANG_ENABLE_OBJC_WEAK = YES;
				CLANG_WARN_BLOCK_CAPTURE_AUTORELEASING = YES;
				CLANG_WARN_BOOL_CONVERSION = YES;
				CLANG_WARN_COMMA = YES;
				CLANG_WARN_CONSTANT_CONVERSION = YES;
				CLANG_WARN_DEPRECATED_OBJC_IMPLEMENTATIONS = YES;
				CLANG_WARN_DIRECT_OBJC_ISA_USAGE = YES_ERROR;
				CLANG_WARN_DOCUMENTATION_COMMENTS = YES;
				CLANG_WARN_EMPTY_BODY = YES;
				CLANG_WARN_ENUM_CONVERSION = YES;
				CLANG_WARN_INFINITE_RECURSION = YES;
				CLANG_WARN_INT_CONVERSION = YES;
				CLANG_WARN_NON_LITERAL_NULL_CONVERSION = YES;
				CLANG_WARN_OBJC_IMPLICIT_RETAIN_SELF = YES;
				CLANG_WARN_OBJC_LITERAL_CONVERSION = YES;
				CLANG_WARN_OBJC_ROOT_CLASS = YES_ERROR;
				CLANG_WARN_QUOTED_INCLUDE_IN_FRAMEWORK_HEADER = YES;
				CLANG_WARN_RANGE_LOOP_ANALYSIS = YES;
				CLANG_WARN_STRICT_PROTOTYPES = YES;
				CLANG_WARN_SUSPICIOUS_MOVE = YES;
				CLANG_WARN_UNGUARDED_AVAILABILITY = YES_AGGRESSIVE;
				CLANG_WARN_UNREACHABLE_CODE = YES;
				CLANG_WARN__DUPLICATE_METHOD_MATCH = YES;
				COPY_PHASE_STRIP = NO;
				DEBUG_INFORMATION_FORMAT = dwarf;
				ENABLE_STRICT_OBJC_MSGSEND = YES;
				ENABLE_TESTABILITY = YES;
				ENABLE_USER_SCRIPT_SANDBOXING = YES;
				GCC_C_LANGUAGE_STANDARD = gnu17;
				GCC_DYNAMIC_NO_PIC = NO;
				GCC_NO_COMMON_BLOCKS = YES;
				GCC_OPTIMIZATION_LEVEL = 0;
				GCC_PREPROCESSOR_DEFINITIONS = (
					"DEBUG=1",
					"$(inherited)",
				);
				GCC_WARN_64_TO_32_BIT_CONVERSION = YES;
				GCC_WARN_ABOUT_RETURN_TYPE = YES_ERROR;
				GCC_WARN_UNDECLARED_SELECTOR = YES;
				GCC_WARN_UNINITIALIZED_AUTOS = YES_AGGRESSIVE;
				GCC_WARN_UNUSED_FUNCTION = YES;
				GCC_WARN_UNUSED_VARIABLE = YES;
				IPHONEOS_DEPLOYMENT_TARGET = 17.6;
				LOCALIZATION_PREFERS_STRING_CATALOGS = YES;
				MTL_ENABLE_DEBUG_INFO = INCLUDE_SOURCE;
				MTL_FAST_MATH = YES;
				ONLY_ACTIVE_ARCH = YES;
				SDKROOT = iphoneos;
				SWIFT_ACTIVE_COMPILATION_CONDITIONS = "DEBUG $(inherited)";
				SWIFT_OPTIMIZATION_LEVEL = "-Onone";
			};
			name = Debug;
		};
		DA8C3C732E1E645E00932527 /* Release */ = {
			isa = XCBuildConfiguration;
			buildSettings = {
				ALWAYS_SEARCH_USER_PATHS = NO;
				ASSETCATALOG_COMPILER_GENERATE_SWIFT_ASSET_SYMBOL_EXTENSIONS = YES;
				CLANG_ANALYZER_NONNULL = YES;
				CLANG_ANALYZER_NUMBER_OBJECT_CONVERSION = YES_AGGRESSIVE;
				CLANG_CXX_LANGUAGE_STANDARD = "gnu++20";
				CLANG_ENABLE_MODULES = YES;
				CLANG_ENABLE_OBJC_ARC = YES;
				CLANG_ENABLE_OBJC_WEAK = YES;
				CLANG_WARN_BLOCK_CAPTURE_AUTORELEASING = YES;
				CLANG_WARN_BOOL_CONVERSION = YES;
				CLANG_WARN_COMMA = YES;
				CLANG_WARN_CONSTANT_CONVERSION = YES;
				CLANG_WARN_DEPRECATED_OBJC_IMPLEMENTATIONS = YES;
				CLANG_WARN_DIRECT_OBJC_ISA_USAGE = YES_ERROR;
				CLANG_WARN_DOCUMENTATION_COMMENTS = YES;
				CLANG_WARN_EMPTY_BODY = YES;
				CLANG_WARN_ENUM_CONVERSION = YES;
				CLANG_WARN_INFINITE_RECURSION = YES;
				CLANG_WARN_INT_CONVERSION = YES;
				CLANG_WARN_NON_LITERAL_NULL_CONVERSION = YES;
				CLANG_WARN_OBJC_IMPLICIT_RETAIN_SELF = YES;
				CLANG_WARN_OBJC_LITERAL_CONVERSION = YES;
				CLANG_WARN_OBJC_ROOT_CLASS = YES_ERROR;
				CLANG_WARN_QUOTED_INCLUDE_IN_FRAMEWORK_HEADER = YES;
				CLANG_WARN_RANGE_LOOP_ANALYSIS = YES;
				CLANG_WARN_STRICT_PROTOTYPES = YES;
				CLANG_WARN_SUSPICIOUS_MOVE = YES;
				CLANG_WARN_UNGUARDED_AVAILABILITY = YES_AGGRESSIVE;
				CLANG_WARN_UNREACHABLE_CODE = YES;
				CLANG_WARN__DUPLICATE_METHOD_MATCH = YES;
				COPY_PHASE_STRIP = NO;
				DEBUG_INFORMATION_FORMAT = "dwarf-with-dsym";
				ENABLE_NS_ASSERTIONS = NO;
				ENABLE_STRICT_OBJC_MSGSEND = YES;
				ENABLE_USER_SCRIPT_SANDBOXING = YES;
				GCC_C_LANGUAGE_STANDARD = gnu17;
				GCC_NO_COMMON_BLOCKS = YES;
				GCC_WARN_64_TO_32_BIT_CONVERSION = YES;
				GCC_WARN_ABOUT_RETURN_TYPE = YES_ERROR;
				GCC_WARN_UNDECLARED_SELECTOR = YES;
				GCC_WARN_UNINITIALIZED_AUTOS = YES_AGGRESSIVE;
				GCC_WARN_UNUSED_FUNCTION = YES;
				GCC_WARN_UNUSED_VARIABLE = YES;
				IPHONEOS_DEPLOYMENT_TARGET = 17.6;
				LOCALIZATION_PREFERS_STRING_CATALOGS = YES;
				MTL_ENABLE_DEBUG_INFO = NO;
				MTL_FAST_MATH = YES;
				SDKROOT = iphoneos;
				SWIFT_COMPILATION_MODE = wholemodule;
				VALIDATE_PRODUCT = YES;
			};
			name = Release;
		};
		DA8C3C752E1E645E00932527 /* Debug */ = {
			isa = XCBuildConfiguration;
			buildSettings = {
				ASSETCATALOG_COMPILER_APPICON_NAME = AppIcon;
				ASSETCATALOG_COMPILER_GLOBAL_ACCENT_COLOR_NAME = AccentColor;
				CODE_SIGN_STYLE = Automatic;
				CURRENT_PROJECT_VERSION = 1;
				DEVELOPMENT_ASSET_PATHS = "\"SecurityFeatures/Preview Content\"";
				ENABLE_PREVIEWS = YES;
				GENERATE_INFOPLIST_FILE = YES;
				INFOPLIST_KEY_UIApplicationSceneManifest_Generation = YES;
				INFOPLIST_KEY_UIApplicationSupportsIndirectInputEvents = YES;
				INFOPLIST_KEY_UILaunchScreen_Generation = YES;
				INFOPLIST_KEY_UISupportedInterfaceOrientations_iPad = "UIInterfaceOrientationPortrait UIInterfaceOrientationPortraitUpsideDown UIInterfaceOrientationLandscapeLeft UIInterfaceOrientationLandscapeRight";
				INFOPLIST_KEY_UISupportedInterfaceOrientations_iPhone = "UIInterfaceOrientationPortrait UIInterfaceOrientationLandscapeLeft UIInterfaceOrientationLandscapeRight";
				LD_RUNPATH_SEARCH_PATHS = (
					"$(inherited)",
					"@executable_path/Frameworks",
				);
				MARKETING_VERSION = 1.0;
				PRODUCT_BUNDLE_IDENTIFIER = com.brivo.SecurityFeatures;
				PRODUCT_NAME = "$(TARGET_NAME)";
				SWIFT_EMIT_LOC_STRINGS = YES;
				SWIFT_VERSION = 5.0;
				TARGETED_DEVICE_FAMILY = "1,2";
			};
			name = Debug;
		};
		DA8C3C762E1E645E00932527 /* Release */ = {
			isa = XCBuildConfiguration;
			buildSettings = {
				ASSETCATALOG_COMPILER_APPICON_NAME = AppIcon;
				ASSETCATALOG_COMPILER_GLOBAL_ACCENT_COLOR_NAME = AccentColor;
				CODE_SIGN_STYLE = Automatic;
				CURRENT_PROJECT_VERSION = 1;
				DEVELOPMENT_ASSET_PATHS = "\"SecurityFeatures/Preview Content\"";
				ENABLE_PREVIEWS = YES;
				GENERATE_INFOPLIST_FILE = YES;
				INFOPLIST_KEY_UIApplicationSceneManifest_Generation = YES;
				INFOPLIST_KEY_UIApplicationSupportsIndirectInputEvents = YES;
				INFOPLIST_KEY_UILaunchScreen_Generation = YES;
				INFOPLIST_KEY_UISupportedInterfaceOrientations_iPad = "UIInterfaceOrientationPortrait UIInterfaceOrientationPortraitUpsideDown UIInterfaceOrientationLandscapeLeft UIInterfaceOrientationLandscapeRight";
				INFOPLIST_KEY_UISupportedInterfaceOrientations_iPhone = "UIInterfaceOrientationPortrait UIInterfaceOrientationLandscapeLeft UIInterfaceOrientationLandscapeRight";
				LD_RUNPATH_SEARCH_PATHS = (
					"$(inherited)",
					"@executable_path/Frameworks",
				);
				MARKETING_VERSION = 1.0;
				PRODUCT_BUNDLE_IDENTIFIER = com.brivo.SecurityFeatures;
				PRODUCT_NAME = "$(TARGET_NAME)";
				SWIFT_EMIT_LOC_STRINGS = YES;
				SWIFT_VERSION = 5.0;
				TARGETED_DEVICE_FAMILY = "1,2";
			};
			name = Release;
		};
		DA8C3C782E1E645E00932527 /* Debug */ = {
			isa = XCBuildConfiguration;
			buildSettings = {
				BUNDLE_LOADER = "$(TEST_HOST)";
				CODE_SIGN_STYLE = Automatic;
				CURRENT_PROJECT_VERSION = 1;
				GENERATE_INFOPLIST_FILE = YES;
				IPHONEOS_DEPLOYMENT_TARGET = 18.1;
				MARKETING_VERSION = 1.0;
				PRODUCT_BUNDLE_IDENTIFIER = com.brivo.SecurityFeaturesTests;
				PRODUCT_NAME = "$(TARGET_NAME)";
				SWIFT_EMIT_LOC_STRINGS = NO;
				SWIFT_VERSION = 5.0;
				TARGETED_DEVICE_FAMILY = "1,2";
				TEST_HOST = "$(BUILT_PRODUCTS_DIR)/SecurityFeatures.app/$(BUNDLE_EXECUTABLE_FOLDER_PATH)/SecurityFeatures";
			};
			name = Debug;
		};
		DA8C3C792E1E645E00932527 /* Release */ = {
			isa = XCBuildConfiguration;
			buildSettings = {
				BUNDLE_LOADER = "$(TEST_HOST)";
				CODE_SIGN_STYLE = Automatic;
				CURRENT_PROJECT_VERSION = 1;
				GENERATE_INFOPLIST_FILE = YES;
				IPHONEOS_DEPLOYMENT_TARGET = 18.1;
				MARKETING_VERSION = 1.0;
				PRODUCT_BUNDLE_IDENTIFIER = com.brivo.SecurityFeaturesTests;
				PRODUCT_NAME = "$(TARGET_NAME)";
				SWIFT_EMIT_LOC_STRINGS = NO;
				SWIFT_VERSION = 5.0;
				TARGETED_DEVICE_FAMILY = "1,2";
				TEST_HOST = "$(BUILT_PRODUCTS_DIR)/SecurityFeatures.app/$(BUNDLE_EXECUTABLE_FOLDER_PATH)/SecurityFeatures";
			};
			name = Release;
		};
		DA8C3C7B2E1E645E00932527 /* Debug */ = {
			isa = XCBuildConfiguration;
			buildSettings = {
				CODE_SIGN_STYLE = Automatic;
				CURRENT_PROJECT_VERSION = 1;
				GENERATE_INFOPLIST_FILE = YES;
				MARKETING_VERSION = 1.0;
				PRODUCT_BUNDLE_IDENTIFIER = com.brivo.SecurityFeaturesUITests;
				PRODUCT_NAME = "$(TARGET_NAME)";
				SWIFT_EMIT_LOC_STRINGS = NO;
				SWIFT_VERSION = 5.0;
				TARGETED_DEVICE_FAMILY = "1,2";
				TEST_TARGET_NAME = SecurityFeatures;
			};
			name = Debug;
		};
		DA8C3C7C2E1E645E00932527 /* Release */ = {
			isa = XCBuildConfiguration;
			buildSettings = {
				CODE_SIGN_STYLE = Automatic;
				CURRENT_PROJECT_VERSION = 1;
				GENERATE_INFOPLIST_FILE = YES;
				MARKETING_VERSION = 1.0;
				PRODUCT_BUNDLE_IDENTIFIER = com.brivo.SecurityFeaturesUITests;
				PRODUCT_NAME = "$(TARGET_NAME)";
				SWIFT_EMIT_LOC_STRINGS = NO;
				SWIFT_VERSION = 5.0;
				TARGETED_DEVICE_FAMILY = "1,2";
				TEST_TARGET_NAME = SecurityFeatures;
			};
			name = Release;
		};
/* End XCBuildConfiguration section */

/* Begin XCConfigurationList section */
		DA8C3C4B2E1E645C00932527 /* Build configuration list for PBXProject "SecurityFeatures" */ = {
			isa = XCConfigurationList;
			buildConfigurations = (
				DA8C3C722E1E645E00932527 /* Debug */,
				DA8C3C732E1E645E00932527 /* Release */,
			);
			defaultConfigurationIsVisible = 0;
			defaultConfigurationName = Release;
		};
		DA8C3C742E1E645E00932527 /* Build configuration list for PBXNativeTarget "SecurityFeatures" */ = {
			isa = XCConfigurationList;
			buildConfigurations = (
				DA8C3C752E1E645E00932527 /* Debug */,
				DA8C3C762E1E645E00932527 /* Release */,
			);
			defaultConfigurationIsVisible = 0;
			defaultConfigurationName = Release;
		};
		DA8C3C772E1E645E00932527 /* Build configuration list for PBXNativeTarget "SecurityFeaturesTests" */ = {
			isa = XCConfigurationList;
			buildConfigurations = (
				DA8C3C782E1E645E00932527 /* Debug */,
				DA8C3C792E1E645E00932527 /* Release */,
			);
			defaultConfigurationIsVisible = 0;
			defaultConfigurationName = Release;
		};
		DA8C3C7A2E1E645E00932527 /* Build configuration list for PBXNativeTarget "SecurityFeaturesUITests" */ = {
			isa = XCConfigurationList;
			buildConfigurations = (
				DA8C3C7B2E1E645E00932527 /* Debug */,
				DA8C3C7C2E1E645E00932527 /* Release */,
			);
			defaultConfigurationIsVisible = 0;
			defaultConfigurationName = Release;
		};
/* End XCConfigurationList section */
	};
	rootObject = DA8C3C482E1E645C00932527 /* Project object */;
}
