// !$*UTF8*$!
{
	archiveVersion = 1;
	classes = {
	};
	objectVersion = 77;
	objects = {

/* Begin PBXContainerItemProxy section */
		DAC8E7322E1E8AA500977AA4 /* PBXContainerItemProxy */ = {
			isa = PBXContainerItemProxy;
			containerPortal = DAC8E7192E1E8AA400977AA4 /* Project object */;
			proxyType = 1;
			remoteGlobalIDString = DAC8E7202E1E8AA400977AA4;
			remoteInfo = GithubSecurity;
		};
		DAC8E73C2E1E8AA500977AA4 /* PBXContainerItemProxy */ = {
			isa = PBXContainerItemProxy;
			containerPortal = DAC8E7192E1E8AA400977AA4 /* Project object */;
			proxyType = 1;
			remoteGlobalIDString = DAC8E7202E1E8AA400977AA4;
			remoteInfo = GithubSecurity;
		};
/* End PBXContainerItemProxy section */

/* Begin PBXFileReference section */
		DAC8E7212E1E8AA400977AA4 /* GithubSecurity.app */ = {isa = PBXFileReference; explicitFileType = wrapper.application; includeInIndex = 0; path = GithubSecurity.app; sourceTree = BUILT_PRODUCTS_DIR; };
		DAC8E7312E1E8AA500977AA4 /* GithubSecurityTests.xctest */ = {isa = PBXFileReference; explicitFileType = wrapper.cfbundle; includeInIndex = 0; path = GithubSecurityTests.xctest; sourceTree = BUILT_PRODUCTS_DIR; };
		DAC8E73B2E1E8AA500977AA4 /* GithubSecurityUITests.xctest */ = {isa = PBXFileReference; explicitFileType = wrapper.cfbundle; includeInIndex = 0; path = GithubSecurityUITests.xctest; sourceTree = BUILT_PRODUCTS_DIR; };
/* End PBXFileReference section */

/* Begin PBXFileSystemSynchronizedRootGroup section */
		DAC8E7232E1E8AA400977AA4 /* GithubSecurity */ = {
			isa = PBXFileSystemSynchronizedRootGroup;
			path = GithubSecurity;
			sourceTree = "<group>";
		};
		DAC8E7342E1E8AA500977AA4 /* GithubSecurityTests */ = {
			isa = PBXFileSystemSynchronizedRootGroup;
			path = GithubSecurityTests;
			sourceTree = "<group>";
		};
		DAC8E73E2E1E8AA500977AA4 /* GithubSecurityUITests */ = {
			isa = PBXFileSystemSynchronizedRootGroup;
			path = GithubSecurityUITests;
			sourceTree = "<group>";
		};
/* End PBXFileSystemSynchronizedRootGroup section */

/* Begin PBXFrameworksBuildPhase section */
		DAC8E71E2E1E8AA400977AA4 /* Frameworks */ = {
			isa = PBXFrameworksBuildPhase;
			buildActionMask = 2147483647;
			files = (
			);
			runOnlyForDeploymentPostprocessing = 0;
		};
		DAC8E72E2E1E8AA500977AA4 /* Frameworks */ = {
			isa = PBXFrameworksBuildPhase;
			buildActionMask = 2147483647;
			files = (
			);
			runOnlyForDeploymentPostprocessing = 0;
		};
		DAC8E7382E1E8AA500977AA4 /* Frameworks */ = {
			isa = PBXFrameworksBuildPhase;
			buildActionMask = 2147483647;
			files = (
			);
			runOnlyForDeploymentPostprocessing = 0;
		};
/* End PBXFrameworksBuildPhase section */

/* Begin PBXGroup section */
		DAC8E7182E1E8AA400977AA4 = {
			isa = PBXGroup;
			children = (
				DAC8E7232E1E8AA400977AA4 /* GithubSecurity */,
				DAC8E7342E1E8AA500977AA4 /* GithubSecurityTests */,
				DAC8E73E2E1E8AA500977AA4 /* GithubSecurityUITests */,
				DAC8E7222E1E8AA400977AA4 /* Products */,
			);
			sourceTree = "<group>";
		};
		DAC8E7222E1E8AA400977AA4 /* Products */ = {
			isa = PBXGroup;
			children = (
				DAC8E7212E1E8AA400977AA4 /* GithubSecurity.app */,
				DAC8E7312E1E8AA500977AA4 /* GithubSecurityTests.xctest */,
				DAC8E73B2E1E8AA500977AA4 /* GithubSecurityUITests.xctest */,
			);
			name = Products;
			sourceTree = "<group>";
		};
/* End PBXGroup section */

/* Begin PBXNativeTarget section */
		DAC8E7202E1E8AA400977AA4 /* GithubSecurity */ = {
			isa = PBXNativeTarget;
			buildConfigurationList = DAC8E7452E1E8AA500977AA4 /* Build configuration list for PBXNativeTarget "GithubSecurity" */;
			buildPhases = (
				DAC8E71D2E1E8AA400977AA4 /* Sources */,
				DAC8E71E2E1E8AA400977AA4 /* Frameworks */,
				DAC8E71F2E1E8AA400977AA4 /* Resources */,
			);
			buildRules = (
			);
			dependencies = (
			);
			fileSystemSynchronizedGroups = (
				DAC8E7232E1E8AA400977AA4 /* GithubSecurity */,
			);
			name = GithubSecurity;
			packageProductDependencies = (
			);
			productName = GithubSecurity;
			productReference = DAC8E7212E1E8AA400977AA4 /* GithubSecurity.app */;
			productType = "com.apple.product-type.application";
		};
		DAC8E7302E1E8AA500977AA4 /* GithubSecurityTests */ = {
			isa = PBXNativeTarget;
			buildConfigurationList = DAC8E7482E1E8AA500977AA4 /* Build configuration list for PBXNativeTarget "GithubSecurityTests" */;
			buildPhases = (
				DAC8E72D2E1E8AA500977AA4 /* Sources */,
				DAC8E72E2E1E8AA500977AA4 /* Frameworks */,
				DAC8E72F2E1E8AA500977AA4 /* Resources */,
			);
			buildRules = (
			);
			dependencies = (
				DAC8E7332E1E8AA500977AA4 /* PBXTargetDependency */,
			);
			fileSystemSynchronizedGroups = (
				DAC8E7342E1E8AA500977AA4 /* GithubSecurityTests */,
			);
			name = GithubSecurityTests;
			packageProductDependencies = (
			);
			productName = GithubSecurityTests;
			productReference = DAC8E7312E1E8AA500977AA4 /* GithubSecurityTests.xctest */;
			productType = "com.apple.product-type.bundle.unit-test";
		};
		DAC8E73A2E1E8AA500977AA4 /* GithubSecurityUITests */ = {
			isa = PBXNativeTarget;
			buildConfigurationList = DAC8E74B2E1E8AA500977AA4 /* Build configuration list for PBXNativeTarget "GithubSecurityUITests" */;
			buildPhases = (
				DAC8E7372E1E8AA500977AA4 /* Sources */,
				DAC8E7382E1E8AA500977AA4 /* Frameworks */,
				DAC8E7392E1E8AA500977AA4 /* Resources */,
			);
			buildRules = (
			);
			dependencies = (
				DAC8E73D2E1E8AA500977AA4 /* PBXTargetDependency */,
			);
			fileSystemSynchronizedGroups = (
				DAC8E73E2E1E8AA500977AA4 /* GithubSecurityUITests */,
			);
			name = GithubSecurityUITests;
			packageProductDependencies = (
			);
			productName = GithubSecurityUITests;
			productReference = DAC8E73B2E1E8AA500977AA4 /* GithubSecurityUITests.xctest */;
			productType = "com.apple.product-type.bundle.ui-testing";
		};
/* End PBXNativeTarget section */

/* Begin PBXProject section */
		DAC8E7192E1E8AA400977AA4 /* Project object */ = {
			isa = PBXProject;
			attributes = {
				BuildIndependentTargetsInParallel = 1;
				LastSwiftUpdateCheck = 1610;
				LastUpgradeCheck = 1610;
				TargetAttributes = {
					DAC8E7202E1E8AA400977AA4 = {
						CreatedOnToolsVersion = 16.1;
					};
					DAC8E7302E1E8AA500977AA4 = {
						CreatedOnToolsVersion = 16.1;
						TestTargetID = DAC8E7202E1E8AA400977AA4;
					};
					DAC8E73A2E1E8AA500977AA4 = {
						CreatedOnToolsVersion = 16.1;
						TestTargetID = DAC8E7202E1E8AA400977AA4;
					};
				};
			};
			buildConfigurationList = DAC8E71C2E1E8AA400977AA4 /* Build configuration list for PBXProject "GithubSecurity" */;
			developmentRegion = en;
			hasScannedForEncodings = 0;
			knownRegions = (
				en,
				Base,
			);
			mainGroup = DAC8E7182E1E8AA400977AA4;
			minimizedProjectReferenceProxies = 1;
			preferredProjectObjectVersion = 77;
			productRefGroup = DAC8E7222E1E8AA400977AA4 /* Products */;
			projectDirPath = "";
			projectRoot = "";
			targets = (
				DAC8E7202E1E8AA400977AA4 /* GithubSecurity */,
				DAC8E7302E1E8AA500977AA4 /* GithubSecurityTests */,
				DAC8E73A2E1E8AA500977AA4 /* GithubSecurityUITests */,
			);
		};
/* End PBXProject section */

/* Begin PBXResourcesBuildPhase section */
		DAC8E71F2E1E8AA400977AA4 /* Resources */ = {
			isa = PBXResourcesBuildPhase;
			buildActionMask = 2147483647;
			files = (
			);
			runOnlyForDeploymentPostprocessing = 0;
		};
		DAC8E72F2E1E8AA500977AA4 /* Resources */ = {
			isa = PBXResourcesBuildPhase;
			buildActionMask = 2147483647;
			files = (
			);
			runOnlyForDeploymentPostprocessing = 0;
		};
		DAC8E7392E1E8AA500977AA4 /* Resources */ = {
			isa = PBXResourcesBuildPhase;
			buildActionMask = 2147483647;
			files = (
			);
			runOnlyForDeploymentPostprocessing = 0;
		};
/* End PBXResourcesBuildPhase section */

/* Begin PBXSourcesBuildPhase section */
		DAC8E71D2E1E8AA400977AA4 /* Sources */ = {
			isa = PBXSourcesBuildPhase;
			buildActionMask = 2147483647;
			files = (
			);
			runOnlyForDeploymentPostprocessing = 0;
		};
		DAC8E72D2E1E8AA500977AA4 /* Sources */ = {
			isa = PBXSourcesBuildPhase;
			buildActionMask = 2147483647;
			files = (
			);
			runOnlyForDeploymentPostprocessing = 0;
		};
		DAC8E7372E1E8AA500977AA4 /* Sources */ = {
			isa = PBXSourcesBuildPhase;
			buildActionMask = 2147483647;
			files = (
			);
			runOnlyForDeploymentPostprocessing = 0;
		};
/* End PBXSourcesBuildPhase section */

/* Begin PBXTargetDependency section */
		DAC8E7332E1E8AA500977AA4 /* PBXTargetDependency */ = {
			isa = PBXTargetDependency;
			target = DAC8E7202E1E8AA400977AA4 /* GithubSecurity */;
			targetProxy = DAC8E7322E1E8AA500977AA4 /* PBXContainerItemProxy */;
		};
		DAC8E73D2E1E8AA500977AA4 /* PBXTargetDependency */ = {
			isa = PBXTargetDependency;
			target = DAC8E7202E1E8AA400977AA4 /* GithubSecurity */;
			targetProxy = DAC8E73C2E1E8AA500977AA4 /* PBXContainerItemProxy */;
		};
/* End PBXTargetDependency section */

/* Begin XCBuildConfiguration section */
		DAC8E7432E1E8AA500977AA4 /* Debug */ = {
			isa = XCBuildConfiguration;
			buildSettings = {
				ALWAYS_SEARCH_USER_PATHS = NO;
				ASSETCATALOG_COMPILER_GENERATE_SWIFT_ASSET_SYMBOL_EXTENSIONS = YES;
				CLANG_ANALYZER_NONNULL = YES;
				CLANG_ANALYZER_NUMBER_OBJECT_CONVERSION = YES_AGGRESSIVE;
				CLANG_CXX_LANGUAGE_STANDARD = "gnu++20";
				CLANG_ENABLE_MODULES = YES;
				CLANG_ENABLE_OBJC_ARC = YES;
				CLANG_ENABLE_OBJC_WEAK = YES;
				CLANG_WARN_BLOCK_CAPTURE_AUTORELEASING = YES;
				CLANG_WARN_BOOL_CONVERSION = YES;
				CLANG_WARN_COMMA = YES;
				CLANG_WARN_CONSTANT_CONVERSION = YES;
				CLANG_WARN_DEPRECATED_OBJC_IMPLEMENTATIONS = YES;
				CLANG_WARN_DIRECT_OBJC_ISA_USAGE = YES_ERROR;
				CLANG_WARN_DOCUMENTATION_COMMENTS = YES;
				CLANG_WARN_EMPTY_BODY = YES;
				CLANG_WARN_ENUM_CONVERSION = YES;
				CLANG_WARN_INFINITE_RECURSION = YES;
				CLANG_WARN_INT_CONVERSION = YES;
				CLANG_WARN_NON_LITERAL_NULL_CONVERSION = YES;
				CLANG_WARN_OBJC_IMPLICIT_RETAIN_SELF = YES;
				CLANG_WARN_OBJC_LITERAL_CONVERSION = YES;
				CLANG_WARN_OBJC_ROOT_CLASS = YES_ERROR;
				CLANG_WARN_QUOTED_INCLUDE_IN_FRAMEWORK_HEADER = YES;
				CLANG_WARN_RANGE_LOOP_ANALYSIS = YES;
				CLANG_WARN_STRICT_PROTOTYPES = YES;
				CLANG_WARN_SUSPICIOUS_MOVE = YES;
				CLANG_WARN_UNGUARDED_AVAILABILITY = YES_AGGRESSIVE;
				CLANG_WARN_UNREACHABLE_CODE = YES;
				CLANG_WARN__DUPLICATE_METHOD_MATCH = YES;
				COPY_PHASE_STRIP = NO;
				DEBUG_INFORMATION_FORMAT = dwarf;
				ENABLE_STRICT_OBJC_MSGSEND = YES;
				ENABLE_TESTABILITY = YES;
				ENABLE_USER_SCRIPT_SANDBOXING = YES;
				GCC_C_LANGUAGE_STANDARD = gnu17;
				GCC_DYNAMIC_NO_PIC = NO;
				GCC_NO_COMMON_BLOCKS = YES;
				GCC_OPTIMIZATION_LEVEL = 0;
				GCC_PREPROCESSOR_DEFINITIONS = (
					"DEBUG=1",
					"$(inherited)",
				);
				GCC_WARN_64_TO_32_BIT_CONVERSION = YES;
				GCC_WARN_ABOUT_RETURN_TYPE = YES_ERROR;
				GCC_WARN_UNDECLARED_SELECTOR = YES;
				GCC_WARN_UNINITIALIZED_AUTOS = YES_AGGRESSIVE;
				GCC_WARN_UNUSED_FUNCTION = YES;
				GCC_WARN_UNUSED_VARIABLE = YES;
				IPHONEOS_DEPLOYMENT_TARGET = 18.1;
				LOCALIZATION_PREFERS_STRING_CATALOGS = YES;
				MTL_ENABLE_DEBUG_INFO = INCLUDE_SOURCE;
				MTL_FAST_MATH = YES;
				ONLY_ACTIVE_ARCH = YES;
				SDKROOT = iphoneos;
				SWIFT_ACTIVE_COMPILATION_CONDITIONS = "DEBUG $(inherited)";
				SWIFT_OPTIMIZATION_LEVEL = "-Onone";
			};
			name = Debug;
		};
		DAC8E7442E1E8AA500977AA4 /* Release */ = {
			isa = XCBuildConfiguration;
			buildSettings = {
				ALWAYS_SEARCH_USER_PATHS = NO;
				ASSETCATALOG_COMPILER_GENERATE_SWIFT_ASSET_SYMBOL_EXTENSIONS = YES;
				CLANG_ANALYZER_NONNULL = YES;
				CLANG_ANALYZER_NUMBER_OBJECT_CONVERSION = YES_AGGRESSIVE;
				CLANG_CXX_LANGUAGE_STANDARD = "gnu++20";
				CLANG_ENABLE_MODULES = YES;
				CLANG_ENABLE_OBJC_ARC = YES;
				CLANG_ENABLE_OBJC_WEAK = YES;
				CLANG_WARN_BLOCK_CAPTURE_AUTORELEASING = YES;
				CLANG_WARN_BOOL_CONVERSION = YES;
				CLANG_WARN_COMMA = YES;
				CLANG_WARN_CONSTANT_CONVERSION = YES;
				CLANG_WARN_DEPRECATED_OBJC_IMPLEMENTATIONS = YES;
				CLANG_WARN_DIRECT_OBJC_ISA_USAGE = YES_ERROR;
				CLANG_WARN_DOCUMENTATION_COMMENTS = YES;
				CLANG_WARN_EMPTY_BODY = YES;
				CLANG_WARN_ENUM_CONVERSION = YES;
				CLANG_WARN_INFINITE_RECURSION = YES;
				CLANG_WARN_INT_CONVERSION = YES;
				CLANG_WARN_NON_LITERAL_NULL_CONVERSION = YES;
				CLANG_WARN_OBJC_IMPLICIT_RETAIN_SELF = YES;
				CLANG_WARN_OBJC_LITERAL_CONVERSION = YES;
				CLANG_WARN_OBJC_ROOT_CLASS = YES_ERROR;
				CLANG_WARN_QUOTED_INCLUDE_IN_FRAMEWORK_HEADER = YES;
				CLANG_WARN_RANGE_LOOP_ANALYSIS = YES;
				CLANG_WARN_STRICT_PROTOTYPES = YES;
				CLANG_WARN_SUSPICIOUS_MOVE = YES;
				CLANG_WARN_UNGUARDED_AVAILABILITY = YES_AGGRESSIVE;
				CLANG_WARN_UNREACHABLE_CODE = YES;
				CLANG_WARN__DUPLICATE_METHOD_MATCH = YES;
				COPY_PHASE_STRIP = NO;
				DEBUG_INFORMATION_FORMAT = "dwarf-with-dsym";
				ENABLE_NS_ASSERTIONS = NO;
				ENABLE_STRICT_OBJC_MSGSEND = YES;
				ENABLE_USER_SCRIPT_SANDBOXING = YES;
				GCC_C_LANGUAGE_STANDARD = gnu17;
				GCC_NO_COMMON_BLOCKS = YES;
				GCC_WARN_64_TO_32_BIT_CONVERSION = YES;
				GCC_WARN_ABOUT_RETURN_TYPE = YES_ERROR;
				GCC_WARN_UNDECLARED_SELECTOR = YES;
				GCC_WARN_UNINITIALIZED_AUTOS = YES_AGGRESSIVE;
				GCC_WARN_UNUSED_FUNCTION = YES;
				GCC_WARN_UNUSED_VARIABLE = YES;
				IPHONEOS_DEPLOYMENT_TARGET = 18.1;
				LOCALIZATION_PREFERS_STRING_CATALOGS = YES;
				MTL_ENABLE_DEBUG_INFO = NO;
				MTL_FAST_MATH = YES;
				SDKROOT = iphoneos;
				SWIFT_COMPILATION_MODE = wholemodule;
				VALIDATE_PRODUCT = YES;
			};
			name = Release;
		};
		DAC8E7462E1E8AA500977AA4 /* Debug */ = {
			isa = XCBuildConfiguration;
			buildSettings = {
				ASSETCATALOG_COMPILER_APPICON_NAME = AppIcon;
				ASSETCATALOG_COMPILER_GLOBAL_ACCENT_COLOR_NAME = AccentColor;
				CODE_SIGN_STYLE = Automatic;
				CURRENT_PROJECT_VERSION = 1;
				DEVELOPMENT_ASSET_PATHS = "\"GithubSecurity/Preview Content\"";
				ENABLE_PREVIEWS = YES;
				GENERATE_INFOPLIST_FILE = YES;
				INFOPLIST_KEY_UIApplicationSceneManifest_Generation = YES;
				INFOPLIST_KEY_UIApplicationSupportsIndirectInputEvents = YES;
				INFOPLIST_KEY_UILaunchScreen_Generation = YES;
				INFOPLIST_KEY_UISupportedInterfaceOrientations_iPad = "UIInterfaceOrientationPortrait UIInterfaceOrientationPortraitUpsideDown UIInterfaceOrientationLandscapeLeft UIInterfaceOrientationLandscapeRight";
				INFOPLIST_KEY_UISupportedInterfaceOrientations_iPhone = "UIInterfaceOrientationPortrait UIInterfaceOrientationLandscapeLeft UIInterfaceOrientationLandscapeRight";
				LD_RUNPATH_SEARCH_PATHS = (
					"$(inherited)",
					"@executable_path/Frameworks",
				);
				MARKETING_VERSION = 1.0;
				PRODUCT_BUNDLE_IDENTIFIER = com.brivo.GithubSecurity;
				PRODUCT_NAME = "$(TARGET_NAME)";
				SWIFT_EMIT_LOC_STRINGS = YES;
				SWIFT_VERSION = 5.0;
				TARGETED_DEVICE_FAMILY = "1,2";
			};
			name = Debug;
		};
		DAC8E7472E1E8AA500977AA4 /* Release */ = {
			isa = XCBuildConfiguration;
			buildSettings = {
				ASSETCATALOG_COMPILER_APPICON_NAME = AppIcon;
				ASSETCATALOG_COMPILER_GLOBAL_ACCENT_COLOR_NAME = AccentColor;
				CODE_SIGN_STYLE = Automatic;
				CURRENT_PROJECT_VERSION = 1;
				DEVELOPMENT_ASSET_PATHS = "\"GithubSecurity/Preview Content\"";
				ENABLE_PREVIEWS = YES;
				GENERATE_INFOPLIST_FILE = YES;
				INFOPLIST_KEY_UIApplicationSceneManifest_Generation = YES;
				INFOPLIST_KEY_UIApplicationSupportsIndirectInputEvents = YES;
				INFOPLIST_KEY_UILaunchScreen_Generation = YES;
				INFOPLIST_KEY_UISupportedInterfaceOrientations_iPad = "UIInterfaceOrientationPortrait UIInterfaceOrientationPortraitUpsideDown UIInterfaceOrientationLandscapeLeft UIInterfaceOrientationLandscapeRight";
				INFOPLIST_KEY_UISupportedInterfaceOrientations_iPhone = "UIInterfaceOrientationPortrait UIInterfaceOrientationLandscapeLeft UIInterfaceOrientationLandscapeRight";
				LD_RUNPATH_SEARCH_PATHS = (
					"$(inherited)",
					"@executable_path/Frameworks",
				);
				MARKETING_VERSION = 1.0;
				PRODUCT_BUNDLE_IDENTIFIER = com.brivo.GithubSecurity;
				PRODUCT_NAME = "$(TARGET_NAME)";
				SWIFT_EMIT_LOC_STRINGS = YES;
				SWIFT_VERSION = 5.0;
				TARGETED_DEVICE_FAMILY = "1,2";
			};
			name = Release;
		};
		DAC8E7492E1E8AA500977AA4 /* Debug */ = {
			isa = XCBuildConfiguration;
			buildSettings = {
				BUNDLE_LOADER = "$(TEST_HOST)";
				CODE_SIGN_STYLE = Automatic;
				CURRENT_PROJECT_VERSION = 1;
				GENERATE_INFOPLIST_FILE = YES;
				IPHONEOS_DEPLOYMENT_TARGET = 18.1;
				MARKETING_VERSION = 1.0;
				PRODUCT_BUNDLE_IDENTIFIER = com.brivo.GithubSecurityTests;
				PRODUCT_NAME = "$(TARGET_NAME)";
				SWIFT_EMIT_LOC_STRINGS = NO;
				SWIFT_VERSION = 5.0;
				TARGETED_DEVICE_FAMILY = "1,2";
				TEST_HOST = "$(BUILT_PRODUCTS_DIR)/GithubSecurity.app/$(BUNDLE_EXECUTABLE_FOLDER_PATH)/GithubSecurity";
			};
			name = Debug;
		};
		DAC8E74A2E1E8AA500977AA4 /* Release */ = {
			isa = XCBuildConfiguration;
			buildSettings = {
				BUNDLE_LOADER = "$(TEST_HOST)";
				CODE_SIGN_STYLE = Automatic;
				CURRENT_PROJECT_VERSION = 1;
				GENERATE_INFOPLIST_FILE = YES;
				IPHONEOS_DEPLOYMENT_TARGET = 18.1;
				MARKETING_VERSION = 1.0;
				PRODUCT_BUNDLE_IDENTIFIER = com.brivo.GithubSecurityTests;
				PRODUCT_NAME = "$(TARGET_NAME)";
				SWIFT_EMIT_LOC_STRINGS = NO;
				SWIFT_VERSION = 5.0;
				TARGETED_DEVICE_FAMILY = "1,2";
				TEST_HOST = "$(BUILT_PRODUCTS_DIR)/GithubSecurity.app/$(BUNDLE_EXECUTABLE_FOLDER_PATH)/GithubSecurity";
			};
			name = Release;
		};
		DAC8E74C2E1E8AA500977AA4 /* Debug */ = {
			isa = XCBuildConfiguration;
			buildSettings = {
				CODE_SIGN_STYLE = Automatic;
				CURRENT_PROJECT_VERSION = 1;
				GENERATE_INFOPLIST_FILE = YES;
				MARKETING_VERSION = 1.0;
				PRODUCT_BUNDLE_IDENTIFIER = com.brivo.GithubSecurityUITests;
				PRODUCT_NAME = "$(TARGET_NAME)";
				SWIFT_EMIT_LOC_STRINGS = NO;
				SWIFT_VERSION = 5.0;
				TARGETED_DEVICE_FAMILY = "1,2";
				TEST_TARGET_NAME = GithubSecurity;
			};
			name = Debug;
		};
		DAC8E74D2E1E8AA500977AA4 /* Release */ = {
			isa = XCBuildConfiguration;
			buildSettings = {
				CODE_SIGN_STYLE = Automatic;
				CURRENT_PROJECT_VERSION = 1;
				GENERATE_INFOPLIST_FILE = YES;
				MARKETING_VERSION = 1.0;
				PRODUCT_BUNDLE_IDENTIFIER = com.brivo.GithubSecurityUITests;
				PRODUCT_NAME = "$(TARGET_NAME)";
				SWIFT_EMIT_LOC_STRINGS = NO;
				SWIFT_VERSION = 5.0;
				TARGETED_DEVICE_FAMILY = "1,2";
				TEST_TARGET_NAME = GithubSecurity;
			};
			name = Release;
		};
/* End XCBuildConfiguration section */

/* Begin XCConfigurationList section */
		DAC8E71C2E1E8AA400977AA4 /* Build configuration list for PBXProject "GithubSecurity" */ = {
			isa = XCConfigurationList;
			buildConfigurations = (
				DAC8E7432E1E8AA500977AA4 /* Debug */,
				DAC8E7442E1E8AA500977AA4 /* Release */,
			);
			defaultConfigurationIsVisible = 0;
			defaultConfigurationName = Release;
		};
		DAC8E7452E1E8AA500977AA4 /* Build configuration list for PBXNativeTarget "GithubSecurity" */ = {
			isa = XCConfigurationList;
			buildConfigurations = (
				DAC8E7462E1E8AA500977AA4 /* Debug */,
				DAC8E7472E1E8AA500977AA4 /* Release */,
			);
			defaultConfigurationIsVisible = 0;
			defaultConfigurationName = Release;
		};
		DAC8E7482E1E8AA500977AA4 /* Build configuration list for PBXNativeTarget "GithubSecurityTests" */ = {
			isa = XCConfigurationList;
			buildConfigurations = (
				DAC8E7492E1E8AA500977AA4 /* Debug */,
				DAC8E74A2E1E8AA500977AA4 /* Release */,
			);
			defaultConfigurationIsVisible = 0;
			defaultConfigurationName = Release;
		};
		DAC8E74B2E1E8AA500977AA4 /* Build configuration list for PBXNativeTarget "GithubSecurityUITests" */ = {
			isa = XCConfigurationList;
			buildConfigurations = (
				DAC8E74C2E1E8AA500977AA4 /* Debug */,
				DAC8E74D2E1E8AA500977AA4 /* Release */,
			);
			defaultConfigurationIsVisible = 0;
			defaultConfigurationName = Release;
		};
/* End XCConfigurationList section */
	};
	rootObject = DAC8E7192E1E8AA400977AA4 /* Project object */;
}
